
Microsoft Visual Studio Solution File, Format Version 12.00
# Visual Studio Version 17
VisualStudioVersion = 17.1.32328.378
MinimumVisualStudioVersion = 10.0.40219.1
Project("{FAE04EC0-301F-11D3-BF4B-00C04F79EFBC}") = "PersonsInfo", "PersonsInfo\PersonsInfo.csproj", "{6AB8B8C4-FB43-4F46-B72C-4E8971896784}"
EndProject
Global
	GlobalSection(SolutionConfigurationPlatforms) = preSolution
		Debug|Any CPU = Debug|Any CPU
		Release|Any CPU = Release|Any CPU
	EndGlobalSection
	GlobalSection(ProjectConfigurationPlatforms) = postSolution
		{6AB8B8C4-FB43-4F46-B72C-4E8971896784}.Debug|Any CPU.ActiveCfg = Debug|Any CPU
		{6AB8B8C4-FB43-4F46-B72C-4E8971896784}.Debug|Any CPU.Build.0 = Debug|Any CPU
		{6AB8B8C4-FB43-4F46-B72C-4E8971896784}.Release|Any CPU.ActiveCfg = Release|Any CPU
		{6AB8B8C4-FB43-4F46-B72C-4E8971896784}.Release|Any CPU.Build.0 = Release|Any CPU
	EndGlobalSection
	GlobalSection(SolutionProperties) = preSolution
		HideSolutionNode = FALSE
	EndGlobalSection
	GlobalSection(ExtensibilityGlobals) = postSolution
		SolutionGuid = {EC89574C-83EA-44AE-9E46-4B90BC9FFE8E}
	EndGlobalSection
EndGlobal
