
Microsoft Visual Studio Solution File, Format Version 12.00
# Visual Studio Version 17
VisualStudioVersion = 17.2.32630.192
MinimumVisualStudioVersion = 10.0.40219.1
Project("{FAE04EC0-301F-11D3-BF4B-00C04F79EFBC}") = "Logger", "Logger\Logger.csproj", "{BFB2DC45-D344-4BA5-8841-87756E6FA7F4}"
EndProject
Global
	GlobalSection(SolutionConfigurationPlatforms) = preSolution
		Debug|Any CPU = Debug|Any CPU
		Release|Any CPU = Release|Any CPU
	EndGlobalSection
	GlobalSection(ProjectConfigurationPlatforms) = postSolution
		{BFB2DC45-D344-4BA5-8841-87756E6FA7F4}.Debug|Any CPU.ActiveCfg = Debug|Any CPU
		{BFB2DC45-D344-4BA5-8841-87756E6FA7F4}.Debug|Any CPU.Build.0 = Debug|Any CPU
		{BFB2DC45-D344-4BA5-8841-87756E6FA7F4}.Release|Any CPU.ActiveCfg = Release|Any CPU
		{BFB2DC45-D344-4BA5-8841-87756E6FA7F4}.Release|Any CPU.Build.0 = Release|Any CPU
	EndGlobalSection
	GlobalSection(SolutionProperties) = preSolution
		HideSolutionNode = FALSE
	EndGlobalSection
	GlobalSection(ExtensibilityGlobals) = postSolution
		SolutionGuid = {B2FE99B4-FF92-49E1-94DF-D2951E541CFD}
	EndGlobalSection
EndGlobal
