
Microsoft Visual Studio Solution File, Format Version 12.00
# Visual Studio Version 17
VisualStudioVersion = 17.2.32630.192
MinimumVisualStudioVersion = 10.0.40219.1
Project("{FAE04EC0-301F-11D3-BF4B-00C04F79EFBC}") = "Shapes", "Shapes\Shapes.csproj", "{6A12AA7E-6A4D-415A-A8F4-7C3AAAEF3A73}"
EndProject
Project("{FAE04EC0-301F-11D3-BF4B-00C04F79EFBC}") = "Cars", "Cars\Cars.csproj", "{22302F36-3523-4736-90C3-1BCA16F6872A}"
EndProject
Global
	GlobalSection(SolutionConfigurationPlatforms) = preSolution
		Debug|Any CPU = Debug|Any CPU
		Release|Any CPU = Release|Any CPU
	EndGlobalSection
	GlobalSection(ProjectConfigurationPlatforms) = postSolution
		{6A12AA7E-6A4D-415A-A8F4-7C3AAAEF3A73}.Debug|Any CPU.ActiveCfg = Debug|Any CPU
		{6A12AA7E-6A4D-415A-A8F4-7C3AAAEF3A73}.Debug|Any CPU.Build.0 = Debug|Any CPU
		{6A12AA7E-6A4D-415A-A8F4-7C3AAAEF3A73}.Release|Any CPU.ActiveCfg = Release|Any CPU
		{6A12AA7E-6A4D-415A-A8F4-7C3AAAEF3A73}.Release|Any CPU.Build.0 = Release|Any CPU
		{22302F36-3523-4736-90C3-1BCA16F6872A}.Debug|Any CPU.ActiveCfg = Debug|Any CPU
		{22302F36-3523-4736-90C3-1BCA16F6872A}.Debug|Any CPU.Build.0 = Debug|Any CPU
		{22302F36-3523-4736-90C3-1BCA16F6872A}.Release|Any CPU.ActiveCfg = Release|Any CPU
		{22302F36-3523-4736-90C3-1BCA16F6872A}.Release|Any CPU.Build.0 = Release|Any CPU
	EndGlobalSection
	GlobalSection(SolutionProperties) = preSolution
		HideSolutionNode = FALSE
	EndGlobalSection
	GlobalSection(ExtensibilityGlobals) = postSolution
		SolutionGuid = {81D50CB4-A987-41F5-852C-15A2E0C45FC7}
	EndGlobalSection
EndGlobal
